
Microsoft Visual Studio Solution File, Format Version 12.00
# Visual Studio Version 16
VisualStudioVersion = 16.0.29201.188
MinimumVisualStudioVersion = 10.0.40219.1
Project("{FAE04EC0-301F-11D3-BF4B-00C04F79EFBC}") = "HydrogenClient", "HydrogenClient\HydrogenClient.csproj", "{660BFB32-460C-4AAC-9295-7855A70B1332}"
EndProject
Project("{FAE04EC0-301F-11D3-BF4B-00C04F79EFBC}") = "HydrogenServer", "HydrogenServer\HydrogenServer.csproj", "{87662EBD-337D-4891-9EDB-48A94C9291CB}"
EndProject
Global
	GlobalSection(SolutionConfigurationPlatforms) = preSolution
		Debug|Any CPU = Debug|Any CPU
		Release|Any CPU = Release|Any CPU
	EndGlobalSection
	GlobalSection(ProjectConfigurationPlatforms) = postSolution
		{660BFB32-460C-4AAC-9295-7855A70B1332}.Debug|Any CPU.ActiveCfg = Debug|Any CPU
		{660BFB32-460C-4AAC-9295-7855A70B1332}.Debug|Any CPU.Build.0 = Debug|Any CPU
		{660BFB32-460C-4AAC-9295-7855A70B1332}.Release|Any CPU.ActiveCfg = Release|Any CPU
		{660BFB32-460C-4AAC-9295-7855A70B1332}.Release|Any CPU.Build.0 = Release|Any CPU
		{87662EBD-337D-4891-9EDB-48A94C9291CB}.Debug|Any CPU.ActiveCfg = Debug|Any CPU
		{87662EBD-337D-4891-9EDB-48A94C9291CB}.Debug|Any CPU.Build.0 = Debug|Any CPU
		{87662EBD-337D-4891-9EDB-48A94C9291CB}.Release|Any CPU.ActiveCfg = Release|Any CPU
		{87662EBD-337D-4891-9EDB-48A94C9291CB}.Release|Any CPU.Build.0 = Release|Any CPU
	EndGlobalSection
	GlobalSection(SolutionProperties) = preSolution
		HideSolutionNode = FALSE
	EndGlobalSection
	GlobalSection(ExtensibilityGlobals) = postSolution
		SolutionGuid = {AD344A6E-FF6C-4200-BA8A-DFE99ED5D1DF}
	EndGlobalSection
EndGlobal
